{
  "name": "ajs_platforms_node",
  "version": "1.0.0",
  "lockfileVersion": 1,
  "requires": true,
  "dependencies": {
    "@liquidasscontainer/ajs_platforms": {
      "version": "1.0.0",
      "resolved": "https://npm.pkg.github.com/download/@liquidasscontainer/ajs_platforms/1.0.0/080bd33b5a4a89b66c391fe98388b6db93303ccbda7d95e20f1ae62cd651418e",
      "integrity": "sha512-LxBhCaWGX0ieFiOcfnO+zPWtuNmu+LHZr27shBoo0S4p5ns2mg9Nv9LLrDhABh94L4Xq6AijGuZBsiah8gh4vw=="
    }
  }
}
